# THIS IS AN AUTOGENERATED FILE. DO NOT EDIT THIS FILE DIRECTLY.
# yarn lockfile v1


"@legendapp/state@^3.0.0-beta.17":
  version "3.0.0-beta.19"
  resolved "https://registry.yarnpkg.com/@legendapp/state/-/state-3.0.0-beta.19.tgz#ad0702b66ca4c9c44f9a0321a033e8b92e80354b"
  integrity sha512-jA6GAV2UqTLdR7JNVG6q+ykycDEcV6Q9y0LNDLygEvajFNXYDKIkKl4tKnTdy5D9JFjTDkRxqt97pUhENgijyA==
  dependencies:
    use-sync-external-store "^1.2.2"

use-sync-external-store@^1.2.2:
  version "1.2.2"
  resolved "https://registry.yarnpkg.com/use-sync-external-store/-/use-sync-external-store-1.2.2.tgz#c3b6390f3a30eba13200d2302dcdf1e7b57b2ef9"
  integrity sha512-PElTlVMwpblvbNqQ82d2n6RjStvdSoNe9FG28kNfz3WiXilJm4DdNkEzRhCZuIDwY8U08WVihhGR5iRqAwfDiw==
